{
  "version": "5",
  "redirects": {
    "https://esm.sh/@supabase/functions-js@^2.1.5?target=denonext": "https://esm.sh/@supabase/functions-js@2.89.0?target=denonext",
    "https://esm.sh/@supabase/gotrue-js@^2.56.0?target=denonext": "https://esm.sh/@supabase/gotrue-js@2.89.0?target=denonext",
    "https://esm.sh/@supabase/node-fetch@^2.6.14?target=denonext": "https://esm.sh/@supabase/node-fetch@2.6.15?target=denonext",
    "https://esm.sh/@supabase/postgrest-js@^1.8.6?target=denonext": "https://esm.sh/@supabase/postgrest-js@1.21.4?target=denonext",
    "https://esm.sh/@supabase/realtime-js@^2.8.4?target=denonext": "https://esm.sh/@supabase/realtime-js@2.89.0?target=denonext",
    "https://esm.sh/@supabase/storage-js@^2.5.4?target=denonext": "https://esm.sh/@supabase/storage-js@2.89.0?target=denonext",
    "https://esm.sh/@types/core-util-is@~1.0.1/index.d.ts": "https://esm.sh/@types/core-util-is@1.0.1/index.d.ts",
    "https://esm.sh/@types/immediate@~3.2.2/index.d.ts": "https://esm.sh/@types/immediate@3.2.2/index.d.ts",
    "https://esm.sh/@types/pako@~1.0.7/index.d.ts": "https://esm.sh/@types/pako@1.0.7/index.d.ts",
    "https://esm.sh/@types/path-is-absolute@~1.0.2/index.d.ts": "https://esm.sh/@types/path-is-absolute@1.0.2/index.d.ts",
    "https://esm.sh/@types/readable-stream@~2.3.15/index.d.ts": "https://esm.sh/@types/readable-stream@2.3.15/index.d.ts",
    "https://esm.sh/@types/setimmediate@~1.0.4/index.d.ts": "https://esm.sh/@types/setimmediate@1.0.4/index.d.ts",
    "https://esm.sh/@types/underscore@~1.13.0/index.d.mts": "https://esm.sh/@types/underscore@1.13.0/index.d.mts",
    "https://esm.sh/@types/util-deprecate@~1.0.4/index.d.ts": "https://esm.sh/@types/util-deprecate@1.0.4/index.d.ts",
    "https://esm.sh/@xmldom/xmldom@^0.8.6/lib/dom?target=denonext": "https://esm.sh/@xmldom/xmldom@0.8.11/lib/dom?target=denonext",
    "https://esm.sh/@xmldom/xmldom@^0.8.6?target=denonext": "https://esm.sh/@xmldom/xmldom@0.8.11?target=denonext",
    "https://esm.sh/base64-js@^1.5.1?target=denonext": "https://esm.sh/base64-js@1.5.1?target=denonext",
    "https://esm.sh/bluebird@~3.4.0/js/release/promise?target=denonext": "https://esm.sh/bluebird@3.4.7/js/release/promise?target=denonext",
    "https://esm.sh/core-util-is@~1.0.0?target=denonext": "https://esm.sh/core-util-is@1.0.3?target=denonext",
    "https://esm.sh/dingbat-to-unicode@^1.0.1?target=denonext": "https://esm.sh/dingbat-to-unicode@1.0.1?target=denonext",
    "https://esm.sh/iceberg-js@^0.8.1?target=denonext": "https://esm.sh/iceberg-js@0.8.1?target=denonext",
    "https://esm.sh/immediate@~3.0.5?target=denonext": "https://esm.sh/immediate@3.0.6?target=denonext",
    "https://esm.sh/isarray@~1.0.0?target=denonext": "https://esm.sh/isarray@1.0.0?target=denonext",
    "https://esm.sh/jszip@^3.7.1?target=denonext": "https://esm.sh/jszip@3.10.1?target=denonext",
    "https://esm.sh/lie@~3.3.0?target=denonext": "https://esm.sh/lie@3.3.0?target=denonext",
    "https://esm.sh/lop@^0.4.1?target=denonext": "https://esm.sh/lop@0.4.2?target=denonext",
    "https://esm.sh/option@~0.2.1?target=denonext": "https://esm.sh/option@0.2.4?target=denonext",
    "https://esm.sh/pako@~1.0.2?target=denonext": "https://esm.sh/pako@1.0.11?target=denonext",
    "https://esm.sh/path-is-absolute@^1.0.0?target=denonext": "https://esm.sh/path-is-absolute@1.0.1?target=denonext",
    "https://esm.sh/process-nextick-args@~2.0.0?target=denonext": "https://esm.sh/process-nextick-args@2.0.1?target=denonext",
    "https://esm.sh/readable-stream@~2.3.6?target=denonext": "https://esm.sh/readable-stream@2.3.8?target=denonext",
    "https://esm.sh/safe-buffer@~5.1.0?target=denonext": "https://esm.sh/safe-buffer@5.1.2?target=denonext",
    "https://esm.sh/safe-buffer@~5.1.1?target=denonext": "https://esm.sh/safe-buffer@5.1.2?target=denonext",
    "https://esm.sh/setimmediate@^1.0.5?target=denonext": "https://esm.sh/setimmediate@1.0.5?target=denonext",
    "https://esm.sh/string_decoder@~1.1.1?target=denonext": "https://esm.sh/string_decoder@1.1.1?target=denonext",
    "https://esm.sh/tr46@~0.0.3?target=denonext": "https://esm.sh/tr46@0.0.3?target=denonext",
    "https://esm.sh/underscore@^1.13.1?target=denonext": "https://esm.sh/underscore@1.13.7?target=denonext",
    "https://esm.sh/util-deprecate@~1.0.1?target=denonext": "https://esm.sh/util-deprecate@1.0.2?target=denonext",
    "https://esm.sh/webidl-conversions@^3.0.0?target=denonext": "https://esm.sh/webidl-conversions@3.0.1?target=denonext",
    "https://esm.sh/whatwg-url@^5.0.0?target=denonext": "https://esm.sh/whatwg-url@5.0.0?target=denonext",
    "https://esm.sh/xmlbuilder@^10.0.0?target=denonext": "https://esm.sh/xmlbuilder@10.1.1?target=denonext"
  },
  "remote": {
    "https://esm.sh/@supabase/functions-js@2.89.0/denonext/functions-js.mjs": "ad96f85b7c776e988d2990d16a6c53e7996545dfe5b8559dbfb9927b793e608d",
    "https://esm.sh/@supabase/functions-js@2.89.0?target=denonext": "d60cd4c8cab2710e87ae2fd48db3664f519fb8185145000c9fae3d299e3ad6f2",
    "https://esm.sh/@supabase/gotrue-js@2.89.0/denonext/gotrue-js.mjs": "abcfa8b847238a4d0fb92540c60643098450c3d1b39b7f11c1f35e0bca127f7d",
    "https://esm.sh/@supabase/gotrue-js@2.89.0?target=denonext": "8e2a638324018e869a8b720aee100951762fc1a3d826c1b6c31cac7e45ea7354",
    "https://esm.sh/@supabase/node-fetch@2.6.15/denonext/node-fetch.mjs": "0bae9052231f4f6dbccc7234d05ea96923dbf967be12f402764580b6bf9f713d",
    "https://esm.sh/@supabase/node-fetch@2.6.15?target=denonext": "4d28c4ad97328403184353f68434f2b6973971507919e9150297413664919cf3",
    "https://esm.sh/@supabase/postgrest-js@1.21.4/denonext/postgrest-js.mjs": "c3769b11ef02debc78ecf6ab4e152d3cf7dbd05bbbafeb72c160e76cc57cda3c",
    "https://esm.sh/@supabase/postgrest-js@1.21.4?target=denonext": "db2315bc0ff19690cd4239c5adb5f5787f5dea04955058ef1fca541d49555ed6",
    "https://esm.sh/@supabase/realtime-js@2.89.0/denonext/realtime-js.mjs": "e98f81bcfb8fed536a7aeb67d8008c320f465c235107ac69f48dddd861ad2b4e",
    "https://esm.sh/@supabase/realtime-js@2.89.0?target=denonext": "2ec69e05862bf64771befbd5fe60ac6352690fab8656ea2c404d433fa0b9940e",
    "https://esm.sh/@supabase/storage-js@2.89.0/denonext/storage-js.mjs": "4dbf4d7138af35a46733d2043e58d73c72e1a2dc40738a71f5ea98fb27a3ed55",
    "https://esm.sh/@supabase/storage-js@2.89.0?target=denonext": "3d737f47c9d7e597d4a228afdb94929c20f5f6c5957a020672300df58b511051",
    "https://esm.sh/@supabase/supabase-js@2.39.0": "f51aeb2dbf8f67c8fa396628af45793e3513067d45705f1ea158f5c678bb0cea",
    "https://esm.sh/@supabase/supabase-js@2.39.0/denonext/supabase-js.mjs": "11e53e706626aa625a6c6dbe6a9a8a6dc6d66a0827cd43507f3a98a0a538ae3c",
    "https://esm.sh/@xmldom/xmldom@0.8.11/denonext/lib/dom.mjs": "e2e8cb385490ebf966e4dbb7af86de3cbb355c5bf64f93c825e1dc22b83bfde1",
    "https://esm.sh/@xmldom/xmldom@0.8.11/denonext/xmldom.mjs": "2d6fc92605104e597d7d3d655cd77616cd5d9d68315cbd2732cf5ba91129cbe8",
    "https://esm.sh/@xmldom/xmldom@0.8.11/lib/dom?target=denonext": "ecd372a13c9e5891477a5c336d5c58a210175586b076d8d9c3c1a82df2e4f7a2",
    "https://esm.sh/@xmldom/xmldom@0.8.11?target=denonext": "719299f6518498983b15d663ad4fc66e32210bca1c19291f51b1ca796bb3bab2",
    "https://esm.sh/base64-js@1.5.1/denonext/base64-js.mjs": "5dbae8a1d8f5789da21736786f9921727523b5ccc64cbcf9f831331c381957dc",
    "https://esm.sh/base64-js@1.5.1?target=denonext": "7c2f775b41bd5df47fedaa143e6619625c9d81f34302d6aa030e20d9a7240633",
    "https://esm.sh/bluebird@3.4.7/denonext/js/release/promise.mjs": "70a486bd0a9777f02cf10e56450c9d2e13433fa70dd16c7ad8645285f447dbce",
    "https://esm.sh/bluebird@3.4.7/js/release/promise?target=denonext": "9aeec649a9e8863e49becd4e2b0014f7605292824f470a653ce64036ec57d8f6",
    "https://esm.sh/core-util-is@1.0.3/denonext/core-util-is.mjs": "cfcf1ae63d56751cbe4b3b90b90b7eea577c5380c4adc272ddea4b7db2bdbbf2",
    "https://esm.sh/core-util-is@1.0.3?target=denonext": "6c72958f8a1c8f42016b48c984a0f3d799ea1e0cd321f499fec0bf8db916c17f",
    "https://esm.sh/dingbat-to-unicode@1.0.1/denonext/dingbat-to-unicode.mjs": "e6070ddb3e14183ee620bb1992ae3a58b6eed2850552c2276950e91b0b1a820e",
    "https://esm.sh/dingbat-to-unicode@1.0.1?target=denonext": "87a68a1583bc61b3a35bccf5f93892ff7bdca5033ceba5007910f7e22423c62f",
    "https://esm.sh/iceberg-js@0.8.1/denonext/iceberg-js.mjs": "d839d81a2e3966500ca2cdd0c1cb458e9608bacfc91f7bb67a69b2e878dcdb4f",
    "https://esm.sh/iceberg-js@0.8.1?target=denonext": "58c849d7fe2bf4eca4a84eb501e83c161a7d8c34ca1bec15a962b3bec3062633",
    "https://esm.sh/immediate@3.0.6/denonext/immediate.mjs": "7148ba33cb905f7aca49affbacfa6a8257cd6b89e8c3c7c728d2d0387b4cce29",
    "https://esm.sh/immediate@3.0.6?target=denonext": "fba8d9ddb37f19ff27c0b1c5b4486ab82805114b14959379d92ca05d6351c5d3",
    "https://esm.sh/isarray@1.0.0/denonext/isarray.mjs": "0f26133cd58fc8580f99bbfd81f6290718328dc2a683c313c36f6b1e8c174edc",
    "https://esm.sh/isarray@1.0.0?target=denonext": "00e227f6d016cb5a5f832f6f2de91dd8ab092c7ac830c551bfcf0f63284d89e6",
    "https://esm.sh/jszip@3.10.1/denonext/jszip.mjs": "4da1ff531e0c52da8af033e20872992a17935e0f416e9625b6ed2600de695587",
    "https://esm.sh/jszip@3.10.1?target=denonext": "0428be12429bcc51e7067c0f35e99e09b65db0f40843497cf9c23f1bdfff27c3",
    "https://esm.sh/lie@3.3.0/denonext/lie.mjs": "20db2fef139e87d467b7cf24a9e53053e96460fefedde5910f925b1d0ddc0cba",
    "https://esm.sh/lie@3.3.0?target=denonext": "74a2c724bd2fef30c46c612632dfd2ee37394f1a4540eb112e0df2ef98df0434",
    "https://esm.sh/lop@0.4.2/denonext/lop.mjs": "98f2b8ad6ced8fc1498096bda398fb8926f7a2b323e240c219780b3fff315809",
    "https://esm.sh/lop@0.4.2?target=denonext": "a2cafe67bc2bfa2f748dbbf8f9bbd2d45317ced001adc22b9ea66daa4e497726",
    "https://esm.sh/mammoth@1.8.0": "20a39288ed3b562a5b46902f28bc7b4ec99982aebcfbdca68e7993bc5025f37b",
    "https://esm.sh/mammoth@1.8.0/denonext/mammoth.mjs": "dad6d4cf41576c17b97cefef58ce2f8dc8be266b61c6f237481d2805f0eda990",
    "https://esm.sh/option@0.2.4/denonext/option.mjs": "b8cf03e5854c10ff126fbd14e220ebdae474aca8456f4f04a754ac02c1ebb756",
    "https://esm.sh/option@0.2.4?target=denonext": "9be76649363d881dafbdd9379a4d9801f6cf70f573cd53cc6ae00e2d016587f1",
    "https://esm.sh/pako@1.0.11/denonext/pako.mjs": "4895feb3e2441ef725da4052a5dc93d219d065fef1decc4452bb9b7ee1477c0d",
    "https://esm.sh/pako@1.0.11?target=denonext": "bc43f66ed245d58d468bf9867b3e9080c5b0590b4c14038ea308954490e0b2ea",
    "https://esm.sh/path-is-absolute@1.0.1/denonext/path-is-absolute.mjs": "766423bb65ca750b4e728e59bfa01b674e5a6fe0c6409220710f2edb74acaa89",
    "https://esm.sh/path-is-absolute@1.0.1?target=denonext": "7dc4538eb9f034c0c977400f7c3c367a088e5245817fc8a5d27597f405eda85b",
    "https://esm.sh/process-nextick-args@2.0.1/denonext/process-nextick-args.mjs": "adffdd507c6571957aaab9d3f0a2aa54febdda1b4d546a57967fd2299505339e",
    "https://esm.sh/process-nextick-args@2.0.1?target=denonext": "b80260031d83086964facc0efc6e2cc8fd878d9ce14dfcf6999e508a4d8d13d0",
    "https://esm.sh/readable-stream@2.3.8/denonext/readable-stream.mjs": "738c1c2f90f84663b7bf1a4151d280079e6eab3ae3b2a5b5c759af02364b5ea4",
    "https://esm.sh/readable-stream@2.3.8?target=denonext": "a8d158c470101e7518fdf293728d4cb8b2ab2cac73140940c8a9ee5542194e13",
    "https://esm.sh/safe-buffer@5.1.2/denonext/safe-buffer.mjs": "848e2c2dafb98ea738399526e4396607872d1118acf8eb56eecd2a5f3be75568",
    "https://esm.sh/safe-buffer@5.1.2?target=denonext": "3126988c629e3dc2d6126b26f654aceae10ad989622a21cb2a73ee72603f7df8",
    "https://esm.sh/setimmediate@1.0.5/denonext/setimmediate.mjs": "30f30e809d4a3826d3c0821bd60d5ae6997a2950ab6f56eac0661e4a0fc9530f",
    "https://esm.sh/setimmediate@1.0.5?target=denonext": "e4cdae47cf945bcf372b8dcb0cdc8a494d616eac423ae43375097a1a01b57704",
    "https://esm.sh/string_decoder@1.1.1/denonext/string_decoder.mjs": "494e5a7fae95d5326e8aee93b4adfde75e389eea7a54bc1feea8549e786da032",
    "https://esm.sh/string_decoder@1.1.1?target=denonext": "092c97b62b99368a40fa044c402188472658bc71529415f73c16f66c05aaf6bf",
    "https://esm.sh/tr46@0.0.3/denonext/tr46.mjs": "5753ec0a99414f4055f0c1f97691100f13d88e48a8443b00aebb90a512785fa2",
    "https://esm.sh/tr46@0.0.3?target=denonext": "19cb9be0f0d418a0c3abb81f2df31f080e9540a04e43b0f699bce1149cba0cbb",
    "https://esm.sh/tslib@2.8.1/denonext/tslib.mjs": "ebce3cd5facb654623020337f867b426ba95f71596ba87acc9e6c6f4e55905ca",
    "https://esm.sh/underscore@1.13.7/denonext/underscore.mjs": "c16794f577088c2ce604576577ab835ebb763a6338e5ae7a0e9466bfd4168ece",
    "https://esm.sh/underscore@1.13.7?target=denonext": "2400e0a49914891c15d2b4e2d89e5d237d1b29be2fd6be3b658981748406b6e7",
    "https://esm.sh/util-deprecate@1.0.2/denonext/util-deprecate.mjs": "083639894972cb68837eef26346c43bdd01357977149e0a4493f76192a4008b8",
    "https://esm.sh/util-deprecate@1.0.2?target=denonext": "859f4df8ba771a4c33143185d3db6a7edb824fab1ed4f9a4b96ac0e6bc3ef1a4",
    "https://esm.sh/webidl-conversions@3.0.1/denonext/webidl-conversions.mjs": "238cd0743827707cbc1c2d7c2cf1027dbc536fb53ec9a3fde0ff8026a3ac5385",
    "https://esm.sh/webidl-conversions@3.0.1?target=denonext": "4e20318d50528084616c79d7b3f6e7f0fe7b6d09013bd01b3974d7448d767e29",
    "https://esm.sh/whatwg-url@5.0.0/denonext/whatwg-url.mjs": "29b16d74ee72624c915745bbd25b617cfd2248c6af0f5120d131e232a9a9af79",
    "https://esm.sh/whatwg-url@5.0.0?target=denonext": "f001a2cadf81312d214ca330033f474e74d81a003e21e8c5d70a1f46dc97b02d",
    "https://esm.sh/xmlbuilder@10.1.1/denonext/xmlbuilder.mjs": "b017c5ea3846ac18d11d543af45e2a86bf7a0ffa348297c505c706bebad8e773",
    "https://esm.sh/xmlbuilder@10.1.1?target=denonext": "6ecf6c3da09138f6b2890fa464c7bf7c0a11ff713fadd2ac16d618b76567e9cd"
  },
  "workspace": {
    "packageJson": {
      "dependencies": [
        "npm:@biomejs/biome@^2.3.2",
        "npm:@commitlint/cli@20.1.0",
        "npm:@commitlint/cli@^20.1.0",
        "npm:@commitlint/config-conventional@20",
        "npm:@commitlint/config-conventional@20.0.0",
        "npm:@dnd-kit/core@^6.3.1",
        "npm:@dnd-kit/sortable@10",
        "npm:@dnd-kit/utilities@^3.2.2",
        "npm:@hookform/resolvers@^5.2.2",
        "npm:@radix-ui/react-accordion@^1.2.12",
        "npm:@radix-ui/react-alert-dialog@^1.1.15",
        "npm:@radix-ui/react-aspect-ratio@^1.1.7",
        "npm:@radix-ui/react-avatar@^1.1.10",
        "npm:@radix-ui/react-checkbox@^1.3.3",
        "npm:@radix-ui/react-collapsible@^1.1.12",
        "npm:@radix-ui/react-context-menu@^2.2.16",
        "npm:@radix-ui/react-dialog@^1.1.15",
        "npm:@radix-ui/react-dropdown-menu@^2.1.16",
        "npm:@radix-ui/react-hover-card@^1.1.15",
        "npm:@radix-ui/react-icons@^1.3.2",
        "npm:@radix-ui/react-label@^2.1.7",
        "npm:@radix-ui/react-menubar@^1.1.16",
        "npm:@radix-ui/react-navigation-menu@^1.2.14",
        "npm:@radix-ui/react-popover@^1.1.15",
        "npm:@radix-ui/react-portal@^1.1.9",
        "npm:@radix-ui/react-progress@^1.1.7",
        "npm:@radix-ui/react-radio-group@^1.3.8",
        "npm:@radix-ui/react-scroll-area@^1.2.10",
        "npm:@radix-ui/react-select@^2.2.6",
        "npm:@radix-ui/react-separator@^1.1.7",
        "npm:@radix-ui/react-slider@^1.3.6",
        "npm:@radix-ui/react-slot@^1.2.3",
        "npm:@radix-ui/react-switch@^1.2.6",
        "npm:@radix-ui/react-tabs@^1.1.13",
        "npm:@radix-ui/react-toggle-group@^1.1.11",
        "npm:@radix-ui/react-toggle@^1.1.10",
        "npm:@radix-ui/react-tooltip@^1.2.8",
        "npm:@serwist/next@^9.2.1",
        "npm:@supabase/ssr@0.7",
        "npm:@supabase/supabase-js@^2.78.0",
        "npm:@tabler/icons-react@^3.35.0",
        "npm:@tailwindcss/postcss@^4.1.16",
        "npm:@tailwindcss/typography@~0.5.19",
        "npm:@tanstack/react-query-devtools@^5.90.2",
        "npm:@tanstack/react-query@^5.90.10",
        "npm:@tiptap/extension-link@^3.14.0",
        "npm:@tiptap/extension-placeholder@^3.14.0",
        "npm:@tiptap/extension-task-item@^3.14.0",
        "npm:@tiptap/extension-task-list@^3.14.0",
        "npm:@tiptap/extension-underline@^3.14.0",
        "npm:@tiptap/react@^3.14.0",
        "npm:@tiptap/starter-kit@^3.14.0",
        "npm:@types/howler@^2.2.12",
        "npm:@types/node@20",
        "npm:@types/react-dom@^19.2.2",
        "npm:@types/react@^19.2.2",
        "npm:@types/uuid@11",
        "npm:@vercel/analytics@^1.5.0",
        "npm:axios@^1.13.2",
        "npm:baseline-browser-mapping@^2.9.4",
        "npm:class-variance-authority@~0.7.1",
        "npm:clsx@^2.1.1",
        "npm:cmdk@^1.1.1",
        "npm:date-fns@^4.1.0",
        "npm:embla-carousel-react@^8.6.0",
        "npm:framer-motion@^12.23.26",
        "npm:howler@^2.2.4",
        "npm:husky@9.1.7",
        "npm:husky@^9.1.7",
        "npm:kbar@0.1.0-beta.48",
        "npm:lint-staged@16.2.6",
        "npm:lint-staged@^16.2.3",
        "npm:lucide-react@0.552",
        "npm:mammoth@^1.11.0",
        "npm:motion@^12.23.24",
        "npm:next-intl@^4.4.0",
        "npm:next-themes@~0.4.6",
        "npm:next@16.1.0-canary.12",
        "npm:nextjs-toploader@^3.9.17",
        "npm:pdfjs-dist@^5.4.449",
        "npm:react-day-picker@^9.11.1",
        "npm:react-dom@19.2.0",
        "npm:react-dropzone@^14.3.8",
        "npm:react-hook-form@^7.66.0",
        "npm:react-player@^3.4.0",
        "npm:react-resizable-panels@^3.0.6",
        "npm:react-use-measure@^2.1.7",
        "npm:react@19.2.0",
        "npm:recharts@^3.3.0",
        "npm:serwist@^9.2.1",
        "npm:sonner@^2.0.7",
        "npm:tailwind-merge@^3.3.1",
        "npm:tailwindcss@^4.1.16",
        "npm:tw-animate-css@^1.4.0",
        "npm:typescript@^5.9.3",
        "npm:uuid@13",
        "npm:vaul@^1.1.2",
        "npm:zod@^4.1.12",
        "npm:zustand@^5.0.8"
      ]
    }
  }
}
